{
  "version": 1,
  "dependencies": {
    "net9.0": {
      "Microsoft.AspNetCore.OpenApi": {
        "type": "Direct",
        "requested": "[9.0.10, )",
        "resolved": "9.0.10",
        "contentHash": "yAv5EDEi0Nkk75Vhxh6ppuXd/QIO8hzjGpAt/fGInMZWIX/mVwZ1IM50YFIWeLCVM8KDj0oFPQdcLeQ+9hEJsw==",
        "dependencies": {
          "Microsoft.OpenApi": "1.6.17"
        }
      },
      "Scalar.AspNetCore": {
        "type": "Direct",
        "requested": "[2.10.3, )",
        "resolved": "2.10.3",
        "contentHash": "uDJlK7ZcHJgAIbXKB3zf4D/70VVEdsYaN3qwoUSBP3OHrdlLR/cIIYp16OFfX9d4VP29b30Jf6KXF59PvFGG4w=="
      },
      "Microsoft.Extensions.Configuration.Abstractions": {
        "type": "Transitive",
        "resolved": "9.0.10",
        "contentHash": "ad3JxmFj0uxuFa1CT6oxTCC1lQ0xeRuOvzBRFT/I/ofIXVOnNsH/v2GZkAJWhlpZqKUvSexQZzp3EEAB2CdtJg==",
        "dependencies": {
          "Microsoft.Extensions.Primitives": "9.0.10"
        }
      },
      "Microsoft.Extensions.Configuration.Binder": {
        "type": "Transitive",
        "resolved": "9.0.10",
        "contentHash": "D6Kng+9I+w1SQPxJybc6wzw9nnnyUQPutycjtI0svv1RHaWOpUk9PPlwIRfhhoQZ3yihejkEI2wNv/7VnVtkGA==",
        "dependencies": {
          "Microsoft.Extensions.Configuration.Abstractions": "9.0.10"
        }
      },
      "Microsoft.Extensions.DependencyInjection.Abstractions": {
        "type": "Transitive",
        "resolved": "9.0.10",
        "contentHash": "r9waLiOPe9ZF1PvzUT+RDoHvpMmY8MW+lb4lqjYGObwKpnyPMLI3odVvlmshwuZcdoHynsGWOrCPA0hxZ63lIA=="
      },
      "Microsoft.Extensions.Logging.Abstractions": {
        "type": "Transitive",
        "resolved": "9.0.10",
        "contentHash": "MFUPv/nN1rAQ19w43smm6bbf0JDYN/1HEPHoiMYY50pvDMFpglzWAuoTavByDmZq7UuhjaxwrET3joU69ZHoHQ==",
        "dependencies": {
          "Microsoft.Extensions.DependencyInjection.Abstractions": "9.0.10"
        }
      },
      "Microsoft.Extensions.Options": {
        "type": "Transitive",
        "resolved": "9.0.10",
        "contentHash": "zMNABt8eBv0B0XrWjFy9nZNgddavaOeq3ZdaD5IlHhRH65MrU7HM+Hd8GjWE3e2VDGFPZFfSAc6XVXC17f9fOA==",
        "dependencies": {
          "Microsoft.Extensions.DependencyInjection.Abstractions": "9.0.10",
          "Microsoft.Extensions.Primitives": "9.0.10"
        }
      },
      "Microsoft.Extensions.Options.ConfigurationExtensions": {
        "type": "Transitive",
        "resolved": "9.0.10",
        "contentHash": "wLsf2TyVFFxWQPv0PRJj365it1ngIt8utlHJWSZ9OJ2k+NDa/PtBIRsGlF/NkoLwm1m+1vOePNl2MiKfk6lYfQ==",
        "dependencies": {
          "Microsoft.Extensions.Configuration.Abstractions": "9.0.10",
          "Microsoft.Extensions.Configuration.Binder": "9.0.10",
          "Microsoft.Extensions.DependencyInjection.Abstractions": "9.0.10",
          "Microsoft.Extensions.Options": "9.0.10",
          "Microsoft.Extensions.Primitives": "9.0.10"
        }
      },
      "Microsoft.Extensions.Primitives": {
        "type": "Transitive",
        "resolved": "9.0.10",
        "contentHash": "3pl8D1O5ZwMpDkZAT2uXrhQ6NipkwEgDLMFuURiHTf72TvkoMP61QYH3Vk1yrzVHnHBdNZk3cQACz8Zc7YGNhQ=="
      },
      "Microsoft.OpenApi": {
        "type": "Transitive",
        "resolved": "1.6.17",
        "contentHash": "Le+kehlmrlQfuDFUt1zZ2dVwrhFQtKREdKBo+rexOwaCoYP0/qpgT9tLxCsZjsgR5Itk1UKPcbgO+FyaNid/bA=="
      },
      "HeroSD-JWT": {
        "type": "Project",
        "dependencies": {
          "Microsoft.Extensions.Logging.Abstractions": "[9.0.10, )"
        }
      },
      "HeroSD-JWT.AspNetCore": {
        "type": "Project",
        "dependencies": {
          "HeroSD-JWT": "[1.0.0, )",
          "Microsoft.Extensions.Logging.Abstractions": "[9.0.10, )",
          "Microsoft.Extensions.Options.ConfigurationExtensions": "[9.0.10, )"
        }
      }
    }
  }
}