{
  "version": 1,
  "dependencies": {
    "net10.0": {
      "Microsoft.AspNetCore.OpenApi": {
        "type": "Direct",
        "requested": "[9.0.10, )",
        "resolved": "9.0.10",
        "contentHash": "yAv5EDEi0Nkk75Vhxh6ppuXd/QIO8hzjGpAt/fGInMZWIX/mVwZ1IM50YFIWeLCVM8KDj0oFPQdcLeQ+9hEJsw==",
        "dependencies": {
          "Microsoft.OpenApi": "1.6.17"
        }
      },
      "Scalar.AspNetCore": {
        "type": "Direct",
        "requested": "[2.10.3, )",
        "resolved": "2.10.3",
        "contentHash": "uDJlK7ZcHJgAIbXKB3zf4D/70VVEdsYaN3qwoUSBP3OHrdlLR/cIIYp16OFfX9d4VP29b30Jf6KXF59PvFGG4w=="
      },
      "Microsoft.OpenApi": {
        "type": "Transitive",
        "resolved": "1.6.17",
        "contentHash": "Le+kehlmrlQfuDFUt1zZ2dVwrhFQtKREdKBo+rexOwaCoYP0/qpgT9tLxCsZjsgR5Itk1UKPcbgO+FyaNid/bA=="
      },
      "HeroSD-JWT": {
        "type": "Project"
      },
      "HeroSD-JWT.AspNetCore": {
        "type": "Project",
        "dependencies": {
          "HeroSD-JWT": "[1.0.0, )"
        }
      }
    }
  }
}