{
  "version": 1,
  "dependencies": {
    "net10.0": {
      "Microsoft.AspNetCore.OpenApi": {
        "type": "Direct",
        "requested": "[10.0.0, )",
        "resolved": "10.0.0",
        "contentHash": "0aqIF1t+sA2T62LIeMtXGSiaV7keGQaJnvwwmu+htQdjCaKYARfXAeqp4nHH9y2etpilyZ/tnQzZg4Ilmo/c4Q==",
        "dependencies": {
          "Microsoft.OpenApi": "2.0.0"
        }
      },
      "Scalar.AspNetCore": {
        "type": "Direct",
        "requested": "[2.10.3, )",
        "resolved": "2.10.3",
        "contentHash": "uDJlK7ZcHJgAIbXKB3zf4D/70VVEdsYaN3qwoUSBP3OHrdlLR/cIIYp16OFfX9d4VP29b30Jf6KXF59PvFGG4w=="
      },
      "Microsoft.OpenApi": {
        "type": "Transitive",
        "resolved": "2.0.0",
        "contentHash": "GGYLfzV/G/ct80OZ45JxnWP7NvMX1BCugn/lX7TH5o0lcVaviavsLMTxmFV2AybXWjbi3h6FF1vgZiTK6PXndw=="
      },
      "HeroSD-JWT": {
        "type": "Project"
      },
      "HeroSD-JWT.AspNetCore": {
        "type": "Project",
        "dependencies": {
          "HeroSD-JWT": "[1.0.0, )"
        }
      }
    },
    "net8.0": {
      "Scalar.AspNetCore": {
        "type": "Direct",
        "requested": "[2.10.3, )",
        "resolved": "2.10.3",
        "contentHash": "uDJlK7ZcHJgAIbXKB3zf4D/70VVEdsYaN3qwoUSBP3OHrdlLR/cIIYp16OFfX9d4VP29b30Jf6KXF59PvFGG4w=="
      },
      "Swashbuckle.AspNetCore": {
        "type": "Direct",
        "requested": "[10.0.1, )",
        "resolved": "10.0.1",
        "contentHash": "177+JNAV5TNvy8gLCdrcWBY9n2jdkxiHQDY4vhaExeqUpKrOqDatCcm/kW3kze60GqfnZ2NobD/IKiAPOL+CEw==",
        "dependencies": {
          "Microsoft.Extensions.ApiDescription.Server": "8.0.0",
          "Swashbuckle.AspNetCore.Swagger": "10.0.1",
          "Swashbuckle.AspNetCore.SwaggerGen": "10.0.1",
          "Swashbuckle.AspNetCore.SwaggerUI": "10.0.1"
        }
      },
      "Microsoft.Bcl.Memory": {
        "type": "Transitive",
        "resolved": "10.0.0",
        "contentHash": "a5PdIQh+01OrOViDfJA0zfo2ty5ruSxpR+4ZOkY1nGr0ybvm3XKxckxKp0BVR9ZtVIauQscgHABFysUJYOqnsg=="
      },
      "Microsoft.Extensions.ApiDescription.Server": {
        "type": "Transitive",
        "resolved": "8.0.0",
        "contentHash": "jDM3a95WerM8g6IcMiBXq1qRS9dqmEUpgnCk2DeMWpPkYtp1ia+CkXabOnK93JmhVlUmv8l9WMPsCSUm+WqkIA=="
      },
      "Microsoft.OpenApi": {
        "type": "Transitive",
        "resolved": "2.3.0",
        "contentHash": "5RZpjyt0JMmoc/aEgY9c1vE5pusdDGvkPl9qKIy9KFbRiIXD+w7gBJxX+unSjzzOcfgRoYxnO4okZyqDAL2WEw=="
      },
      "Swashbuckle.AspNetCore.Swagger": {
        "type": "Transitive",
        "resolved": "10.0.1",
        "contentHash": "HJYFSP18YF1Z6LCwunL+v8wuZUzzvcjarB8AJna/NVVIpq11FH9BW/D/6abwigu7SsKRbisStmk8xu2mTsxxHg==",
        "dependencies": {
          "Microsoft.OpenApi": "2.3.0"
        }
      },
      "Swashbuckle.AspNetCore.SwaggerGen": {
        "type": "Transitive",
        "resolved": "10.0.1",
        "contentHash": "vMMBDiTC53KclPs1aiedRZnXkoI2ZgF5/JFr3Dqr8KT7wvIbA/MwD+ormQ4qf25gN5xCrJbmz/9/Z3RrpSofMA==",
        "dependencies": {
          "Swashbuckle.AspNetCore.Swagger": "10.0.1"
        }
      },
      "Swashbuckle.AspNetCore.SwaggerUI": {
        "type": "Transitive",
        "resolved": "10.0.1",
        "contentHash": "a2eLI/fCxJ3WH+H1hr7Q2T82ZBk20FfqYBEZ9hOr3f+426ZUfGU2LxYWzOJrf5/4y6EKShmWpjJG01h3Rc+l6Q=="
      },
      "HeroSD-JWT": {
        "type": "Project",
        "dependencies": {
          "Microsoft.Bcl.Memory": "[10.0.0, )"
        }
      },
      "HeroSD-JWT.AspNetCore": {
        "type": "Project",
        "dependencies": {
          "HeroSD-JWT": "[1.0.0, )"
        }
      }
    },
    "net9.0": {
      "Microsoft.AspNetCore.OpenApi": {
        "type": "Direct",
        "requested": "[9.0.10, )",
        "resolved": "9.0.10",
        "contentHash": "yAv5EDEi0Nkk75Vhxh6ppuXd/QIO8hzjGpAt/fGInMZWIX/mVwZ1IM50YFIWeLCVM8KDj0oFPQdcLeQ+9hEJsw==",
        "dependencies": {
          "Microsoft.OpenApi": "1.6.17"
        }
      },
      "Scalar.AspNetCore": {
        "type": "Direct",
        "requested": "[2.10.3, )",
        "resolved": "2.10.3",
        "contentHash": "uDJlK7ZcHJgAIbXKB3zf4D/70VVEdsYaN3qwoUSBP3OHrdlLR/cIIYp16OFfX9d4VP29b30Jf6KXF59PvFGG4w=="
      },
      "Microsoft.OpenApi": {
        "type": "Transitive",
        "resolved": "1.6.17",
        "contentHash": "Le+kehlmrlQfuDFUt1zZ2dVwrhFQtKREdKBo+rexOwaCoYP0/qpgT9tLxCsZjsgR5Itk1UKPcbgO+FyaNid/bA=="
      },
      "HeroSD-JWT": {
        "type": "Project"
      },
      "HeroSD-JWT.AspNetCore": {
        "type": "Project",
        "dependencies": {
          "HeroSD-JWT": "[1.0.0, )"
        }
      }
    }
  }
}